
Microsoft Visual Studio Solution File, Format Version 12.00
# Visual Studio 14
VisualStudioVersion = 14.0.23107.0
MinimumVisualStudioVersion = 10.0.40219.1
Project("{FAE04EC0-301F-11D3-BF4B-00C04F79EFBC}") = "SpendSmart", "SpendSmart\SpendSmart\SpendSmart.csproj", "{06C2D69A-F3F8-430C-9654-94A2959D44D6}"
EndProject
Project("{FAE04EC0-301F-11D3-BF4B-00C04F79EFBC}") = "SpendSmart.iOS", "SpendSmart\SpendSmart.iOS\SpendSmart.iOS.csproj", "{0C5091AF-CC62-48A7-B7ED-343B6DAB209C}"
EndProject
Project("{FAE04EC0-301F-11D3-BF4B-00C04F79EFBC}") = "SpendSmart.Droid", "SpendSmart\SpendSmart.Droid\SpendSmart.Droid.csproj", "{E75F06CE-59B9-4E7A-AC81-D5C447DF55D9}"
EndProject
Project("{FAE04EC0-301F-11D3-BF4B-00C04F79EFBC}") = "SpendSmart.WinPhone", "SpendSmart\SpendSmart.WinPhone\SpendSmart.WinPhone.csproj", "{F29E9002-C1B8-4108-B775-A6772788C6F9}"
EndProject
Project("{FAE04EC0-301F-11D3-BF4B-00C04F79EFBC}") = "SpendSmart.Universal", "SpendSmart.Universal\SpendSmart.Universal.csproj", "{7C4BDBDD-BC10-4E3E-BC14-2D02579238C9}"
EndProject
Project("{D954291E-2A0B-460D-934E-DC6B0785DB48}") = "SpendSmart.DataAccess", "SpendSmart.DataAccess\SpendSmart.DataAccess.shproj", "{138C1578-E1FF-4988-9DBB-7EA3E8782ABE}"
EndProject
Global
	GlobalSection(SharedMSBuildProjectFiles) = preSolution
		SpendSmart.DataAccess\SpendSmart.DataAccess.projitems*{138c1578-e1ff-4988-9dbb-7ea3e8782abe}*SharedItemsImports = 13
	EndGlobalSection
	GlobalSection(SolutionConfigurationPlatforms) = preSolution
		Debug|Any CPU = Debug|Any CPU
		Debug|ARM = Debug|ARM
		Debug|iPhone = Debug|iPhone
		Debug|iPhoneSimulator = Debug|iPhoneSimulator
		Debug|x64 = Debug|x64
		Debug|x86 = Debug|x86
		Release|Any CPU = Release|Any CPU
		Release|ARM = Release|ARM
		Release|iPhone = Release|iPhone
		Release|iPhoneSimulator = Release|iPhoneSimulator
		Release|x64 = Release|x64
		Release|x86 = Release|x86
	EndGlobalSection
	GlobalSection(ProjectConfigurationPlatforms) = postSolution
		{06C2D69A-F3F8-430C-9654-94A2959D44D6}.Debug|Any CPU.ActiveCfg = Debug|Any CPU
		{06C2D69A-F3F8-430C-9654-94A2959D44D6}.Debug|Any CPU.Build.0 = Debug|Any CPU
		{06C2D69A-F3F8-430C-9654-94A2959D44D6}.Debug|ARM.ActiveCfg = Debug|Any CPU
		{06C2D69A-F3F8-430C-9654-94A2959D44D6}.Debug|ARM.Build.0 = Debug|Any CPU
		{06C2D69A-F3F8-430C-9654-94A2959D44D6}.Debug|iPhone.ActiveCfg = Debug|Any CPU
		{06C2D69A-F3F8-430C-9654-94A2959D44D6}.Debug|iPhone.Build.0 = Debug|Any CPU
		{06C2D69A-F3F8-430C-9654-94A2959D44D6}.Debug|iPhoneSimulator.ActiveCfg = Debug|Any CPU
		{06C2D69A-F3F8-430C-9654-94A2959D44D6}.Debug|iPhoneSimulator.Build.0 = Debug|Any CPU
		{06C2D69A-F3F8-430C-9654-94A2959D44D6}.Debug|x64.ActiveCfg = Debug|Any CPU
		{06C2D69A-F3F8-430C-9654-94A2959D44D6}.Debug|x64.Build.0 = Debug|Any CPU
		{06C2D69A-F3F8-430C-9654-94A2959D44D6}.Debug|x86.ActiveCfg = Debug|Any CPU
		{06C2D69A-F3F8-430C-9654-94A2959D44D6}.Debug|x86.Build.0 = Debug|Any CPU
		{06C2D69A-F3F8-430C-9654-94A2959D44D6}.Release|Any CPU.ActiveCfg = Release|Any CPU
		{06C2D69A-F3F8-430C-9654-94A2959D44D6}.Release|Any CPU.Build.0 = Release|Any CPU
		{06C2D69A-F3F8-430C-9654-94A2959D44D6}.Release|ARM.ActiveCfg = Release|Any CPU
		{06C2D69A-F3F8-430C-9654-94A2959D44D6}.Release|ARM.Build.0 = Release|Any CPU
		{06C2D69A-F3F8-430C-9654-94A2959D44D6}.Release|iPhone.ActiveCfg = Release|Any CPU
		{06C2D69A-F3F8-430C-9654-94A2959D44D6}.Release|iPhone.Build.0 = Release|Any CPU
		{06C2D69A-F3F8-430C-9654-94A2959D44D6}.Release|iPhoneSimulator.ActiveCfg = Release|Any CPU
		{06C2D69A-F3F8-430C-9654-94A2959D44D6}.Release|iPhoneSimulator.Build.0 = Release|Any CPU
		{06C2D69A-F3F8-430C-9654-94A2959D44D6}.Release|x64.ActiveCfg = Release|Any CPU
		{06C2D69A-F3F8-430C-9654-94A2959D44D6}.Release|x64.Build.0 = Release|Any CPU
		{06C2D69A-F3F8-430C-9654-94A2959D44D6}.Release|x86.ActiveCfg = Release|Any CPU
		{06C2D69A-F3F8-430C-9654-94A2959D44D6}.Release|x86.Build.0 = Release|Any CPU
		{0C5091AF-CC62-48A7-B7ED-343B6DAB209C}.Debug|Any CPU.ActiveCfg = Debug|iPhone
		{0C5091AF-CC62-48A7-B7ED-343B6DAB209C}.Debug|ARM.ActiveCfg = Debug|iPhone
		{0C5091AF-CC62-48A7-B7ED-343B6DAB209C}.Debug|iPhone.ActiveCfg = Debug|iPhone
		{0C5091AF-CC62-48A7-B7ED-343B6DAB209C}.Debug|iPhone.Build.0 = Debug|iPhone
		{0C5091AF-CC62-48A7-B7ED-343B6DAB209C}.Debug|iPhoneSimulator.ActiveCfg = Debug|iPhoneSimulator
		{0C5091AF-CC62-48A7-B7ED-343B6DAB209C}.Debug|iPhoneSimulator.Build.0 = Debug|iPhoneSimulator
		{0C5091AF-CC62-48A7-B7ED-343B6DAB209C}.Debug|x64.ActiveCfg = Debug|iPhone
		{0C5091AF-CC62-48A7-B7ED-343B6DAB209C}.Debug|x86.ActiveCfg = Debug|iPhone
		{0C5091AF-CC62-48A7-B7ED-343B6DAB209C}.Release|Any CPU.ActiveCfg = Release|iPhone
		{0C5091AF-CC62-48A7-B7ED-343B6DAB209C}.Release|ARM.ActiveCfg = Release|iPhone
		{0C5091AF-CC62-48A7-B7ED-343B6DAB209C}.Release|iPhone.ActiveCfg = Release|iPhone
		{0C5091AF-CC62-48A7-B7ED-343B6DAB209C}.Release|iPhone.Build.0 = Release|iPhone
		{0C5091AF-CC62-48A7-B7ED-343B6DAB209C}.Release|iPhoneSimulator.ActiveCfg = Release|iPhoneSimulator
		{0C5091AF-CC62-48A7-B7ED-343B6DAB209C}.Release|iPhoneSimulator.Build.0 = Release|iPhoneSimulator
		{0C5091AF-CC62-48A7-B7ED-343B6DAB209C}.Release|x64.ActiveCfg = Release|iPhone
		{0C5091AF-CC62-48A7-B7ED-343B6DAB209C}.Release|x86.ActiveCfg = Release|iPhone
		{E75F06CE-59B9-4E7A-AC81-D5C447DF55D9}.Debug|Any CPU.ActiveCfg = Debug|Any CPU
		{E75F06CE-59B9-4E7A-AC81-D5C447DF55D9}.Debug|Any CPU.Build.0 = Debug|Any CPU
		{E75F06CE-59B9-4E7A-AC81-D5C447DF55D9}.Debug|Any CPU.Deploy.0 = Debug|Any CPU
		{E75F06CE-59B9-4E7A-AC81-D5C447DF55D9}.Debug|ARM.ActiveCfg = Debug|Any CPU
		{E75F06CE-59B9-4E7A-AC81-D5C447DF55D9}.Debug|ARM.Build.0 = Debug|Any CPU
		{E75F06CE-59B9-4E7A-AC81-D5C447DF55D9}.Debug|ARM.Deploy.0 = Debug|Any CPU
		{E75F06CE-59B9-4E7A-AC81-D5C447DF55D9}.Debug|iPhone.ActiveCfg = Debug|Any CPU
		{E75F06CE-59B9-4E7A-AC81-D5C447DF55D9}.Debug|iPhone.Build.0 = Debug|Any CPU
		{E75F06CE-59B9-4E7A-AC81-D5C447DF55D9}.Debug|iPhone.Deploy.0 = Debug|Any CPU
		{E75F06CE-59B9-4E7A-AC81-D5C447DF55D9}.Debug|iPhoneSimulator.ActiveCfg = Debug|Any CPU
		{E75F06CE-59B9-4E7A-AC81-D5C447DF55D9}.Debug|iPhoneSimulator.Build.0 = Debug|Any CPU
		{E75F06CE-59B9-4E7A-AC81-D5C447DF55D9}.Debug|iPhoneSimulator.Deploy.0 = Debug|Any CPU
		{E75F06CE-59B9-4E7A-AC81-D5C447DF55D9}.Debug|x64.ActiveCfg = Debug|Any CPU
		{E75F06CE-59B9-4E7A-AC81-D5C447DF55D9}.Debug|x64.Build.0 = Debug|Any CPU
		{E75F06CE-59B9-4E7A-AC81-D5C447DF55D9}.Debug|x64.Deploy.0 = Debug|Any CPU
		{E75F06CE-59B9-4E7A-AC81-D5C447DF55D9}.Debug|x86.ActiveCfg = Debug|Any CPU
		{E75F06CE-59B9-4E7A-AC81-D5C447DF55D9}.Debug|x86.Build.0 = Debug|Any CPU
		{E75F06CE-59B9-4E7A-AC81-D5C447DF55D9}.Debug|x86.Deploy.0 = Debug|Any CPU
		{E75F06CE-59B9-4E7A-AC81-D5C447DF55D9}.Release|Any CPU.ActiveCfg = Release|Any CPU
		{E75F06CE-59B9-4E7A-AC81-D5C447DF55D9}.Release|Any CPU.Build.0 = Release|Any CPU
		{E75F06CE-59B9-4E7A-AC81-D5C447DF55D9}.Release|Any CPU.Deploy.0 = Release|Any CPU
		{E75F06CE-59B9-4E7A-AC81-D5C447DF55D9}.Release|ARM.ActiveCfg = Release|Any CPU
		{E75F06CE-59B9-4E7A-AC81-D5C447DF55D9}.Release|ARM.Build.0 = Release|Any CPU
		{E75F06CE-59B9-4E7A-AC81-D5C447DF55D9}.Release|ARM.Deploy.0 = Release|Any CPU
		{E75F06CE-59B9-4E7A-AC81-D5C447DF55D9}.Release|iPhone.ActiveCfg = Release|Any CPU
		{E75F06CE-59B9-4E7A-AC81-D5C447DF55D9}.Release|iPhone.Build.0 = Release|Any CPU
		{E75F06CE-59B9-4E7A-AC81-D5C447DF55D9}.Release|iPhone.Deploy.0 = Release|Any CPU
		{E75F06CE-59B9-4E7A-AC81-D5C447DF55D9}.Release|iPhoneSimulator.ActiveCfg = Release|Any CPU
		{E75F06CE-59B9-4E7A-AC81-D5C447DF55D9}.Release|iPhoneSimulator.Build.0 = Release|Any CPU
		{E75F06CE-59B9-4E7A-AC81-D5C447DF55D9}.Release|iPhoneSimulator.Deploy.0 = Release|Any CPU
		{E75F06CE-59B9-4E7A-AC81-D5C447DF55D9}.Release|x64.ActiveCfg = Release|Any CPU
		{E75F06CE-59B9-4E7A-AC81-D5C447DF55D9}.Release|x64.Build.0 = Release|Any CPU
		{E75F06CE-59B9-4E7A-AC81-D5C447DF55D9}.Release|x64.Deploy.0 = Release|Any CPU
		{E75F06CE-59B9-4E7A-AC81-D5C447DF55D9}.Release|x86.ActiveCfg = Release|Any CPU
		{E75F06CE-59B9-4E7A-AC81-D5C447DF55D9}.Release|x86.Build.0 = Release|Any CPU
		{E75F06CE-59B9-4E7A-AC81-D5C447DF55D9}.Release|x86.Deploy.0 = Release|Any CPU
		{F29E9002-C1B8-4108-B775-A6772788C6F9}.Debug|Any CPU.ActiveCfg = Debug|Any CPU
		{F29E9002-C1B8-4108-B775-A6772788C6F9}.Debug|Any CPU.Build.0 = Debug|Any CPU
		{F29E9002-C1B8-4108-B775-A6772788C6F9}.Debug|Any CPU.Deploy.0 = Debug|Any CPU
		{F29E9002-C1B8-4108-B775-A6772788C6F9}.Debug|ARM.ActiveCfg = Debug|ARM
		{F29E9002-C1B8-4108-B775-A6772788C6F9}.Debug|ARM.Build.0 = Debug|ARM
		{F29E9002-C1B8-4108-B775-A6772788C6F9}.Debug|ARM.Deploy.0 = Debug|ARM
		{F29E9002-C1B8-4108-B775-A6772788C6F9}.Debug|iPhone.ActiveCfg = Debug|Any CPU
		{F29E9002-C1B8-4108-B775-A6772788C6F9}.Debug|iPhone.Build.0 = Debug|Any CPU
		{F29E9002-C1B8-4108-B775-A6772788C6F9}.Debug|iPhone.Deploy.0 = Debug|Any CPU
		{F29E9002-C1B8-4108-B775-A6772788C6F9}.Debug|iPhoneSimulator.ActiveCfg = Debug|Any CPU
		{F29E9002-C1B8-4108-B775-A6772788C6F9}.Debug|iPhoneSimulator.Build.0 = Debug|Any CPU
		{F29E9002-C1B8-4108-B775-A6772788C6F9}.Debug|iPhoneSimulator.Deploy.0 = Debug|Any CPU
		{F29E9002-C1B8-4108-B775-A6772788C6F9}.Debug|x64.ActiveCfg = Debug|Any CPU
		{F29E9002-C1B8-4108-B775-A6772788C6F9}.Debug|x64.Build.0 = Debug|Any CPU
		{F29E9002-C1B8-4108-B775-A6772788C6F9}.Debug|x64.Deploy.0 = Debug|Any CPU
		{F29E9002-C1B8-4108-B775-A6772788C6F9}.Debug|x86.ActiveCfg = Debug|x86
		{F29E9002-C1B8-4108-B775-A6772788C6F9}.Debug|x86.Build.0 = Debug|x86
		{F29E9002-C1B8-4108-B775-A6772788C6F9}.Debug|x86.Deploy.0 = Debug|x86
		{F29E9002-C1B8-4108-B775-A6772788C6F9}.Release|Any CPU.ActiveCfg = Release|Any CPU
		{F29E9002-C1B8-4108-B775-A6772788C6F9}.Release|Any CPU.Build.0 = Release|Any CPU
		{F29E9002-C1B8-4108-B775-A6772788C6F9}.Release|Any CPU.Deploy.0 = Release|Any CPU
		{F29E9002-C1B8-4108-B775-A6772788C6F9}.Release|ARM.ActiveCfg = Release|ARM
		{F29E9002-C1B8-4108-B775-A6772788C6F9}.Release|ARM.Build.0 = Release|ARM
		{F29E9002-C1B8-4108-B775-A6772788C6F9}.Release|ARM.Deploy.0 = Release|ARM
		{F29E9002-C1B8-4108-B775-A6772788C6F9}.Release|iPhone.ActiveCfg = Release|Any CPU
		{F29E9002-C1B8-4108-B775-A6772788C6F9}.Release|iPhone.Build.0 = Release|Any CPU
		{F29E9002-C1B8-4108-B775-A6772788C6F9}.Release|iPhone.Deploy.0 = Release|Any CPU
		{F29E9002-C1B8-4108-B775-A6772788C6F9}.Release|iPhoneSimulator.ActiveCfg = Release|Any CPU
		{F29E9002-C1B8-4108-B775-A6772788C6F9}.Release|iPhoneSimulator.Build.0 = Release|Any CPU
		{F29E9002-C1B8-4108-B775-A6772788C6F9}.Release|iPhoneSimulator.Deploy.0 = Release|Any CPU
		{F29E9002-C1B8-4108-B775-A6772788C6F9}.Release|x64.ActiveCfg = Release|Any CPU
		{F29E9002-C1B8-4108-B775-A6772788C6F9}.Release|x64.Build.0 = Release|Any CPU
		{F29E9002-C1B8-4108-B775-A6772788C6F9}.Release|x64.Deploy.0 = Release|Any CPU
		{F29E9002-C1B8-4108-B775-A6772788C6F9}.Release|x86.ActiveCfg = Release|x86
		{F29E9002-C1B8-4108-B775-A6772788C6F9}.Release|x86.Build.0 = Release|x86
		{F29E9002-C1B8-4108-B775-A6772788C6F9}.Release|x86.Deploy.0 = Release|x86
		{7C4BDBDD-BC10-4E3E-BC14-2D02579238C9}.Debug|Any CPU.ActiveCfg = Debug|x86
		{7C4BDBDD-BC10-4E3E-BC14-2D02579238C9}.Debug|ARM.ActiveCfg = Debug|ARM
		{7C4BDBDD-BC10-4E3E-BC14-2D02579238C9}.Debug|ARM.Build.0 = Debug|ARM
		{7C4BDBDD-BC10-4E3E-BC14-2D02579238C9}.Debug|ARM.Deploy.0 = Debug|ARM
		{7C4BDBDD-BC10-4E3E-BC14-2D02579238C9}.Debug|iPhone.ActiveCfg = Debug|x86
		{7C4BDBDD-BC10-4E3E-BC14-2D02579238C9}.Debug|iPhoneSimulator.ActiveCfg = Debug|x86
		{7C4BDBDD-BC10-4E3E-BC14-2D02579238C9}.Debug|x64.ActiveCfg = Debug|x64
		{7C4BDBDD-BC10-4E3E-BC14-2D02579238C9}.Debug|x64.Build.0 = Debug|x64
		{7C4BDBDD-BC10-4E3E-BC14-2D02579238C9}.Debug|x64.Deploy.0 = Debug|x64
		{7C4BDBDD-BC10-4E3E-BC14-2D02579238C9}.Debug|x86.ActiveCfg = Debug|x86
		{7C4BDBDD-BC10-4E3E-BC14-2D02579238C9}.Debug|x86.Build.0 = Debug|x86
		{7C4BDBDD-BC10-4E3E-BC14-2D02579238C9}.Debug|x86.Deploy.0 = Debug|x86
		{7C4BDBDD-BC10-4E3E-BC14-2D02579238C9}.Release|Any CPU.ActiveCfg = Release|x86
		{7C4BDBDD-BC10-4E3E-BC14-2D02579238C9}.Release|ARM.ActiveCfg = Release|ARM
		{7C4BDBDD-BC10-4E3E-BC14-2D02579238C9}.Release|ARM.Build.0 = Release|ARM
		{7C4BDBDD-BC10-4E3E-BC14-2D02579238C9}.Release|ARM.Deploy.0 = Release|ARM
		{7C4BDBDD-BC10-4E3E-BC14-2D02579238C9}.Release|iPhone.ActiveCfg = Release|x86
		{7C4BDBDD-BC10-4E3E-BC14-2D02579238C9}.Release|iPhoneSimulator.ActiveCfg = Release|x86
		{7C4BDBDD-BC10-4E3E-BC14-2D02579238C9}.Release|x64.ActiveCfg = Release|x64
		{7C4BDBDD-BC10-4E3E-BC14-2D02579238C9}.Release|x64.Build.0 = Release|x64
		{7C4BDBDD-BC10-4E3E-BC14-2D02579238C9}.Release|x64.Deploy.0 = Release|x64
		{7C4BDBDD-BC10-4E3E-BC14-2D02579238C9}.Release|x86.ActiveCfg = Release|x86
		{7C4BDBDD-BC10-4E3E-BC14-2D02579238C9}.Release|x86.Build.0 = Release|x86
		{7C4BDBDD-BC10-4E3E-BC14-2D02579238C9}.Release|x86.Deploy.0 = Release|x86
	EndGlobalSection
	GlobalSection(SolutionProperties) = preSolution
		HideSolutionNode = FALSE
	EndGlobalSection
EndGlobal
